// !$*UTF8*$!
{
	archiveVersion = 1;
	classes = {
	};
	objectVersion = 46;
	objects = {

/* Begin PBXBuildFile section */
		936991C6202179A800F66542 /* AppDelegate.m in Sources */ = {isa = PBXBuildFile; fileRef = 936991C5202179A800F66542 /* AppDelegate.m */; };
		936991C9202179A800F66542 /* main.m in Sources */ = {isa = PBXBuildFile; fileRef = 936991C8202179A800F66542 /* main.m */; };
		936991CB202179A800F66542 /* Assets.xcassets in Resources */ = {isa = PBXBuildFile; fileRef = 936991CA202179A800F66542 /* Assets.xcassets */; };
		936991CE202179A800F66542 /* MainMenu.xib in Resources */ = {isa = PBXBuildFile; fileRef = 936991CC202179A800F66542 /* MainMenu.xib */; };
/* End PBXBuildFile section */

/* Begin PBXFileReference section */
		936991C1202179A800F66542 /* VeryReasonableTime.app */ = {isa = PBXFileReference; explicitFileType = wrapper.application; includeInIndex = 0; path = VeryReasonableTime.app; sourceTree = BUILT_PRODUCTS_DIR; };
		936991C4202179A800F66542 /* AppDelegate.h */ = {isa = PBXFileReference; lastKnownFileType = sourcecode.c.h; path = AppDelegate.h; sourceTree = "<group>"; };
		936991C5202179A800F66542 /* AppDelegate.m */ = {isa = PBXFileReference; lastKnownFileType = sourcecode.c.objc; path = AppDelegate.m; sourceTree = "<group>"; };
		936991C8202179A800F66542 /* main.m */ = {isa = PBXFileReference; lastKnownFileType = sourcecode.c.objc; path = main.m; sourceTree = "<group>"; };
		936991CA202179A800F66542 /* Assets.xcassets */ = {isa = PBXFileReference; lastKnownFileType = folder.assetcatalog; path = Assets.xcassets; sourceTree = "<group>"; };
		936991CD202179A800F66542 /* Base */ = {isa = PBXFileReference; lastKnownFileType = file.xib; name = Base; path = Base.lproj/MainMenu.xib; sourceTree = "<group>"; };
		936991CF202179A800F66542 /* Info.plist */ = {isa = PBXFileReference; lastKnownFileType = text.plist.xml; path = Info.plist; sourceTree = "<group>"; };
/* End PBXFileReference section */

/* Begin PBXFrameworksBuildPhase section */
		936991BE202179A800F66542 /* Frameworks */ = {
			isa = PBXFrameworksBuildPhase;
			buildActionMask = 2147483647;
			files = (
			);
			runOnlyForDeploymentPostprocessing = 0;
		};
/* End PBXFrameworksBuildPhase section */

/* Begin PBXGroup section */
		936991B8202179A800F66542 = {
			isa = PBXGroup;
			children = (
				936991C3202179A800F66542 /* VeryReasonableTime */,
				936991C2202179A800F66542 /* Products */,
			);
			sourceTree = "<group>";
		};
		936991C2202179A800F66542 /* Products */ = {
			isa = PBXGroup;
			children = (
				936991C1202179A800F66542 /* VeryReasonableTime.app */,
			);
			name = Products;
			sourceTree = "<group>";
		};
		936991C3202179A800F66542 /* VeryReasonableTime */ = {
			isa = PBXGroup;
			children = (
				936991C4202179A800F66542 /* AppDelegate.h */,
				936991C5202179A800F66542 /* AppDelegate.m */,
				936991CA202179A800F66542 /* Assets.xcassets */,
				936991CC202179A800F66542 /* MainMenu.xib */,
				936991CF202179A800F66542 /* Info.plist */,
				936991C7202179A800F66542 /* Supporting Files */,
			);
			path = VeryReasonableTime;
			sourceTree = "<group>";
		};
		936991C7202179A800F66542 /* Supporting Files */ = {
			isa = PBXGroup;
			children = (
				936991C8202179A800F66542 /* main.m */,
			);
			name = "Supporting Files";
			sourceTree = "<group>";
		};
/* End PBXGroup section */

/* Begin PBXNativeTarget section */
		936991C0202179A800F66542 /* VeryReasonableTime */ = {
			isa = PBXNativeTarget;
			buildConfigurationList = 936991D2202179A800F66542 /* Build configuration list for PBXNativeTarget "VeryReasonableTime" */;
			buildPhases = (
				936991BD202179A800F66542 /* Sources */,
				936991BE202179A800F66542 /* Frameworks */,
				936991BF202179A800F66542 /* Resources */,
			);
			buildRules = (
			);
			dependencies = (
			);
			name = VeryReasonableTime;
			productName = VeryReasonableTime;
			productReference = 936991C1202179A800F66542 /* VeryReasonableTime.app */;
			productType = "com.apple.product-type.application";
		};
/* End PBXNativeTarget section */

/* Begin PBXProject section */
		936991B9202179A800F66542 /* Project object */ = {
			isa = PBXProject;
			attributes = {
				LastUpgradeCheck = 0820;
				ORGANIZATIONNAME = munge.net;
				TargetAttributes = {
					936991C0202179A800F66542 = {
						CreatedOnToolsVersion = 8.2.1;
						ProvisioningStyle = Automatic;
					};
				};
			};
			buildConfigurationList = 936991BC202179A800F66542 /* Build configuration list for PBXProject "VeryReasonableTime" */;
			compatibilityVersion = "Xcode 3.2";
			developmentRegion = English;
			hasScannedForEncodings = 0;
			knownRegions = (
				en,
				Base,
			);
			mainGroup = 936991B8202179A800F66542;
			productRefGroup = 936991C2202179A800F66542 /* Products */;
			projectDirPath = "";
			projectRoot = "";
			targets = (
				936991C0202179A800F66542 /* VeryReasonableTime */,
			);
		};
/* End PBXProject section */

/* Begin PBXResourcesBuildPhase section */
		936991BF202179A800F66542 /* Resources */ = {
			isa = PBXResourcesBuildPhase;
			buildActionMask = 2147483647;
			files = (
				936991CB202179A800F66542 /* Assets.xcassets in Resources */,
				936991CE202179A800F66542 /* MainMenu.xib in Resources */,
			);
			runOnlyForDeploymentPostprocessing = 0;
		};
/* End PBXResourcesBuildPhase section */

/* Begin PBXSourcesBuildPhase section */
		936991BD202179A800F66542 /* Sources */ = {
			isa = PBXSourcesBuildPhase;
			buildActionMask = 2147483647;
			files = (
				936991C9202179A800F66542 /* main.m in Sources */,
				936991C6202179A800F66542 /* AppDelegate.m in Sources */,
			);
			runOnlyForDeploymentPostprocessing = 0;
		};
/* End PBXSourcesBuildPhase section */

/* Begin PBXVariantGroup section */
		936991CC202179A800F66542 /* MainMenu.xib */ = {
			isa = PBXVariantGroup;
			children = (
				936991CD202179A800F66542 /* Base */,
			);
			name = MainMenu.xib;
			sourceTree = "<group>";
		};
/* End PBXVariantGroup section */

/* Begin XCBuildConfiguration section */
		936991D0202179A800F66542 /* Debug */ = {
			isa = XCBuildConfiguration;
			buildSettings = {
				ALWAYS_SEARCH_USER_PATHS = NO;
				CLANG_ANALYZER_NONNULL = YES;
				CLANG_CXX_LANGUAGE_STANDARD = "gnu++0x";
				CLANG_CXX_LIBRARY = "libc++";
				CLANG_ENABLE_MODULES = YES;
				CLANG_ENABLE_OBJC_ARC = YES;
				CLANG_WARN_BOOL_CONVERSION = YES;
				CLANG_WARN_CONSTANT_CONVERSION = YES;
				CLANG_WARN_DIRECT_OBJC_ISA_USAGE = YES_ERROR;
				CLANG_WARN_DOCUMENTATION_COMMENTS = YES;
				CLANG_WARN_EMPTY_BODY = YES;
				CLANG_WARN_ENUM_CONVERSION = YES;
				CLANG_WARN_INFINITE_RECURSION = YES;
				CLANG_WARN_INT_CONVERSION = YES;
				CLANG_WARN_OBJC_ROOT_CLASS = YES_ERROR;
				CLANG_WARN_SUSPICIOUS_MOVE = YES;
				CLANG_WARN_UNREACHABLE_CODE = YES;
				CLANG_WARN__DUPLICATE_METHOD_MATCH = YES;
				CODE_SIGN_IDENTITY = "-";
				COPY_PHASE_STRIP = NO;
				DEBUG_INFORMATION_FORMAT = dwarf;
				ENABLE_STRICT_OBJC_MSGSEND = YES;
				ENABLE_TESTABILITY = YES;
				GCC_C_LANGUAGE_STANDARD = gnu99;
				GCC_DYNAMIC_NO_PIC = NO;
				GCC_NO_COMMON_BLOCKS = YES;
				GCC_OPTIMIZATION_LEVEL = 0;
				GCC_PREPROCESSOR_DEFINITIONS = (
					"DEBUG=1",
					"$(inherited)",
				);
				GCC_WARN_64_TO_32_BIT_CONVERSION = YES;
				GCC_WARN_ABOUT_RETURN_TYPE = YES_ERROR;
				GCC_WARN_UNDECLARED_SELECTOR = YES;
				GCC_WARN_UNINITIALIZED_AUTOS = YES_AGGRESSIVE;
				GCC_WARN_UNUSED_FUNCTION = YES;
				GCC_WARN_UNUSED_VARIABLE = YES;
				MACOSX_DEPLOYMENT_TARGET = 10.11;
				MTL_ENABLE_DEBUG_INFO = YES;
				ONLY_ACTIVE_ARCH = YES;
				SDKROOT = macosx;
			};
			name = Debug;
		};
		936991D1202179A800F66542 /* Release */ = {
			isa = XCBuildConfiguration;
			buildSettings = {
				ALWAYS_SEARCH_USER_PATHS = NO;
				CLANG_ANALYZER_NONNULL = YES;
				CLANG_CXX_LANGUAGE_STANDARD = "gnu++0x";
				CLANG_CXX_LIBRARY = "libc++";
				CLANG_ENABLE_MODULES = YES;
				CLANG_ENABLE_OBJC_ARC = YES;
				CLANG_WARN_BOOL_CONVERSION = YES;
				CLANG_WARN_CONSTANT_CONVERSION = YES;
				CLANG_WARN_DIRECT_OBJC_ISA_USAGE = YES_ERROR;
				CLANG_WARN_DOCUMENTATION_COMMENTS = YES;
				CLANG_WARN_EMPTY_BODY = YES;
				CLANG_WARN_ENUM_CONVERSION = YES;
				CLANG_WARN_INFINITE_RECURSION = YES;
				CLANG_WARN_INT_CONVERSION = YES;
				CLANG_WARN_OBJC_ROOT_CLASS = YES_ERROR;
				CLANG_WARN_SUSPICIOUS_MOVE = YES;
				CLANG_WARN_UNREACHABLE_CODE = YES;
				CLANG_WARN__DUPLICATE_METHOD_MATCH = YES;
				CODE_SIGN_IDENTITY = "-";
				COPY_PHASE_STRIP = NO;
				DEBUG_INFORMATION_FORMAT = "dwarf-with-dsym";
				ENABLE_NS_ASSERTIONS = NO;
				ENABLE_STRICT_OBJC_MSGSEND = YES;
				GCC_C_LANGUAGE_STANDARD = gnu99;
				GCC_NO_COMMON_BLOCKS = YES;
				GCC_WARN_64_TO_32_BIT_CONVERSION = YES;
				GCC_WARN_ABOUT_RETURN_TYPE = YES_ERROR;
				GCC_WARN_UNDECLARED_SELECTOR = YES;
				GCC_WARN_UNINITIALIZED_AUTOS = YES_AGGRESSIVE;
				GCC_WARN_UNUSED_FUNCTION = YES;
				GCC_WARN_UNUSED_VARIABLE = YES;
				MACOSX_DEPLOYMENT_TARGET = 10.11;
				MTL_ENABLE_DEBUG_INFO = NO;
				SDKROOT = macosx;
			};
			name = Release;
		};
		936991D3202179A800F66542 /* Debug */ = {
			isa = XCBuildConfiguration;
			buildSettings = {
				ASSETCATALOG_COMPILER_APPICON_NAME = AppIcon;
				COMBINE_HIDPI_IMAGES = YES;
				INFOPLIST_FILE = VeryReasonableTime/Info.plist;
				LD_RUNPATH_SEARCH_PATHS = "$(inherited) @executable_path/../Frameworks";
				PRODUCT_BUNDLE_IDENTIFIER = net.munge.VeryReasonableTime;
				PRODUCT_NAME = "$(TARGET_NAME)";
			};
			name = Debug;
		};
		936991D4202179A800F66542 /* Release */ = {
			isa = XCBuildConfiguration;
			buildSettings = {
				ASSETCATALOG_COMPILER_APPICON_NAME = AppIcon;
				COMBINE_HIDPI_IMAGES = YES;
				INFOPLIST_FILE = VeryReasonableTime/Info.plist;
				LD_RUNPATH_SEARCH_PATHS = "$(inherited) @executable_path/../Frameworks";
				PRODUCT_BUNDLE_IDENTIFIER = net.munge.VeryReasonableTime;
				PRODUCT_NAME = "$(TARGET_NAME)";
			};
			name = Release;
		};
/* End XCBuildConfiguration section */

/* Begin XCConfigurationList section */
		936991BC202179A800F66542 /* Build configuration list for PBXProject "VeryReasonableTime" */ = {
			isa = XCConfigurationList;
			buildConfigurations = (
				936991D0202179A800F66542 /* Debug */,
				936991D1202179A800F66542 /* Release */,
			);
			defaultConfigurationIsVisible = 0;
			defaultConfigurationName = Release;
		};
		936991D2202179A800F66542 /* Build configuration list for PBXNativeTarget "VeryReasonableTime" */ = {
			isa = XCConfigurationList;
			buildConfigurations = (
				936991D3202179A800F66542 /* Debug */,
				936991D4202179A800F66542 /* Release */,
			);
			defaultConfigurationIsVisible = 0;
		};
/* End XCConfigurationList section */
	};
	rootObject = 936991B9202179A800F66542 /* Project object */;
}
